
Microsoft Visual Studio Solution File, Format Version 12.00
Project("{2150E333-8FDC-42A3-9474-1A3956D46DE8}") = "src", "src", "{C1A935B5-15BB-4EB7-AF59-AF13113270D7}"
EndProject
Project("{2150E333-8FDC-42A3-9474-1A3956D46DE8}") = "test", "test", "{D3C84EFB-8B8F-4507-AD05-8209AD115564}"
EndProject
Project("{2150E333-8FDC-42A3-9474-1A3956D46DE8}") = "Modules", "Modules", "{3E957696-AD86-4721-B531-127A4DC72625}"
EndProject
Project("{2150E333-8FDC-42A3-9474-1A3956D46DE8}") = "ApiGateways", "ApiGateways", "{99F786B8-471A-4CF0-BCC0-49490DD08BEB}"
EndProject
Project("{2150E333-8FDC-42A3-9474-1A3956D46DE8}") = "BuildingBlocks", "BuildingBlocks", "{63A7B015-4B43-4784-8EE1-63A1DA1A2C08}"
EndProject
Project("{2150E333-8FDC-42A3-9474-1A3956D46DE8}") = "Services", "Services", "{20612E99-2CAB-43B8-BF16-49FCFBBE8BB5}"
EndProject
Project("{2150E333-8FDC-42A3-9474-1A3956D46DE8}") = "UserService", "UserService", "{B54AFD17-DDED-4CCD-93A2-EB815A841930}"
EndProject
Project("{2150E333-8FDC-42A3-9474-1A3956D46DE8}") = "OrderService", "OrderService", "{3525BFAF-C605-42F9-BD68-DEF37DEBFCC4}"
EndProject
Project("{2150E333-8FDC-42A3-9474-1A3956D46DE8}") = "CartService", "CartService", "{9725A29D-E780-4E20-A876-E30F822333B7}"
EndProject
Project("{FAE04EC0-301F-11D3-BF4B-00C04F79EFBC}") = "BuildingBlocks", "src\Modules\BuildingBlocks\BuildingBlocks\BuildingBlocks.csproj", "{31D48B48-FCA4-47C9-9D50-524E3A783FDC}"
EndProject
Project("{2150E333-8FDC-42A3-9474-1A3956D46DE8}") = "ProductService", "ProductService", "{33400FBE-159B-4CD0-8DFE-CD1EB4829C33}"
EndProject
Project("{FAE04EC0-301F-11D3-BF4B-00C04F79EFBC}") = "ProductService.Domain", "src\Modules\Services\ProductService\ProductService.Domain\ProductService.Domain.csproj", "{608C5929-2C18-4FEF-93D3-4C8389DFE912}"
EndProject
Project("{FAE04EC0-301F-11D3-BF4B-00C04F79EFBC}") = "ProductService.Application", "src\Modules\Services\ProductService\ProductService.Application\ProductService.Application.csproj", "{5BBE3428-77F2-4B9A-8C0C-13475943D609}"
EndProject
Project("{FAE04EC0-301F-11D3-BF4B-00C04F79EFBC}") = "ProductService.Persistence", "src\Modules\Services\ProductService\ProductService.Persistence\ProductService.Persistence.csproj", "{E1434266-D6B8-4EE5-9908-84C99E57DA28}"
EndProject
Project("{FAE04EC0-301F-11D3-BF4B-00C04F79EFBC}") = "ProductService.Api", "src\Modules\Services\ProductService\ProductService.Api\ProductService.Api.csproj", "{DC905124-4EC1-4B4E-B0D1-701D8BB2CBE7}"
EndProject
Project("{2150E333-8FDC-42A3-9474-1A3956D46DE8}") = "AssetService", "AssetService", "{1A5E1D0C-1C79-4E84-B6BA-04EB947CE5EF}"
EndProject
Project("{FAE04EC0-301F-11D3-BF4B-00C04F79EFBC}") = "AssetService", "src\Modules\Services\AssestService\AssetService\AssetService.csproj", "{FAB73969-95C0-426E-BAFE-0D1FD9087154}"
EndProject
Project("{FAE04EC0-301F-11D3-BF4B-00C04F79EFBC}") = "CartService.Api", "src\Modules\Services\CartService\CartService.Api\CartService.Api.csproj", "{47C17F40-97FB-4FD3-AF93-C612AF368583}"
EndProject
Project("{FAE04EC0-301F-11D3-BF4B-00C04F79EFBC}") = "CartService.Domain", "src\Modules\Services\CartService\CartService.Domain\CartService.Domain.csproj", "{1EE5BF0E-18A6-48AA-9451-4F5C0F6BC156}"
EndProject
Project("{FAE04EC0-301F-11D3-BF4B-00C04F79EFBC}") = "CartService.Application", "src\Modules\Services\CartService\CartService.Application\CartService.Application.csproj", "{75470E43-BAED-40FB-BB1E-A5DBA3B968E0}"
EndProject
Project("{FAE04EC0-301F-11D3-BF4B-00C04F79EFBC}") = "CartService.Persistence", "src\Modules\Services\CartService\CartService.Persistence\CartService.Persistence.csproj", "{B8080657-F649-4ECD-9745-62B9FB9BB63D}"
EndProject
Project("{FAE04EC0-301F-11D3-BF4B-00C04F79EFBC}") = "UserService.Domain", "src\Modules\Services\UserService\UserService.Domain\UserService.Domain.csproj", "{2D3FB73A-0791-47CB-9F87-971F948D20B9}"
EndProject
Project("{FAE04EC0-301F-11D3-BF4B-00C04F79EFBC}") = "UserService.Persistence", "src\Modules\Services\UserService\UserService.Persistence\UserService.Persistence.csproj", "{B40C6D1A-A40C-4484-8699-B7390AE8F824}"
EndProject
Project("{FAE04EC0-301F-11D3-BF4B-00C04F79EFBC}") = "UserService.Application", "src\Modules\Services\UserService\UserService.Application\UserService.Application.csproj", "{3CD9BEF9-6885-4E42-BC3B-6FE4120ABC73}"
EndProject
Project("{FAE04EC0-301F-11D3-BF4B-00C04F79EFBC}") = "UserService.Infrastucture", "src\Modules\Services\UserService\UserService.Infrastucture\UserService.Infrastucture.csproj", "{DB460057-BE10-43C0-805B-4AC0CDAE737D}"
EndProject
Project("{FAE04EC0-301F-11D3-BF4B-00C04F79EFBC}") = "UserService.Api", "src\Modules\Services\UserService\UserService.Api\UserService.Api.csproj", "{D58A610E-6031-47C2-9922-6C8774ED5113}"
EndProject
Project("{FAE04EC0-301F-11D3-BF4B-00C04F79EFBC}") = "CartService.Infrastructure", "src\Modules\Services\CartService\CartService.Infrastructure\CartService.Infrastructure.csproj", "{1CEB9A5E-5E65-4DC0-BB85-C0F19F6B2814}"
EndProject
Project("{FAE04EC0-301F-11D3-BF4B-00C04F79EFBC}") = "ProductService.Infracstructure", "src\Modules\Services\ProductService\ProductService.Infracstructure\ProductService.Infracstructure.csproj", "{80B0F446-B217-4299-B49B-E62B0B847EAD}"
EndProject
Global
	GlobalSection(SolutionConfigurationPlatforms) = preSolution
		Debug|Any CPU = Debug|Any CPU
		Release|Any CPU = Release|Any CPU
	EndGlobalSection
	GlobalSection(ProjectConfigurationPlatforms) = postSolution
		{31D48B48-FCA4-47C9-9D50-524E3A783FDC}.Debug|Any CPU.ActiveCfg = Debug|Any CPU
		{31D48B48-FCA4-47C9-9D50-524E3A783FDC}.Debug|Any CPU.Build.0 = Debug|Any CPU
		{31D48B48-FCA4-47C9-9D50-524E3A783FDC}.Release|Any CPU.ActiveCfg = Release|Any CPU
		{31D48B48-FCA4-47C9-9D50-524E3A783FDC}.Release|Any CPU.Build.0 = Release|Any CPU
		{608C5929-2C18-4FEF-93D3-4C8389DFE912}.Debug|Any CPU.ActiveCfg = Debug|Any CPU
		{608C5929-2C18-4FEF-93D3-4C8389DFE912}.Debug|Any CPU.Build.0 = Debug|Any CPU
		{608C5929-2C18-4FEF-93D3-4C8389DFE912}.Release|Any CPU.ActiveCfg = Release|Any CPU
		{608C5929-2C18-4FEF-93D3-4C8389DFE912}.Release|Any CPU.Build.0 = Release|Any CPU
		{5BBE3428-77F2-4B9A-8C0C-13475943D609}.Debug|Any CPU.ActiveCfg = Debug|Any CPU
		{5BBE3428-77F2-4B9A-8C0C-13475943D609}.Debug|Any CPU.Build.0 = Debug|Any CPU
		{5BBE3428-77F2-4B9A-8C0C-13475943D609}.Release|Any CPU.ActiveCfg = Release|Any CPU
		{5BBE3428-77F2-4B9A-8C0C-13475943D609}.Release|Any CPU.Build.0 = Release|Any CPU
		{E1434266-D6B8-4EE5-9908-84C99E57DA28}.Debug|Any CPU.ActiveCfg = Debug|Any CPU
		{E1434266-D6B8-4EE5-9908-84C99E57DA28}.Debug|Any CPU.Build.0 = Debug|Any CPU
		{E1434266-D6B8-4EE5-9908-84C99E57DA28}.Release|Any CPU.ActiveCfg = Release|Any CPU
		{E1434266-D6B8-4EE5-9908-84C99E57DA28}.Release|Any CPU.Build.0 = Release|Any CPU
		{DC905124-4EC1-4B4E-B0D1-701D8BB2CBE7}.Debug|Any CPU.ActiveCfg = Debug|Any CPU
		{DC905124-4EC1-4B4E-B0D1-701D8BB2CBE7}.Debug|Any CPU.Build.0 = Debug|Any CPU
		{DC905124-4EC1-4B4E-B0D1-701D8BB2CBE7}.Release|Any CPU.ActiveCfg = Release|Any CPU
		{DC905124-4EC1-4B4E-B0D1-701D8BB2CBE7}.Release|Any CPU.Build.0 = Release|Any CPU
		{FAB73969-95C0-426E-BAFE-0D1FD9087154}.Debug|Any CPU.ActiveCfg = Debug|Any CPU
		{FAB73969-95C0-426E-BAFE-0D1FD9087154}.Debug|Any CPU.Build.0 = Debug|Any CPU
		{FAB73969-95C0-426E-BAFE-0D1FD9087154}.Release|Any CPU.ActiveCfg = Release|Any CPU
		{FAB73969-95C0-426E-BAFE-0D1FD9087154}.Release|Any CPU.Build.0 = Release|Any CPU
		{47C17F40-97FB-4FD3-AF93-C612AF368583}.Debug|Any CPU.ActiveCfg = Debug|Any CPU
		{47C17F40-97FB-4FD3-AF93-C612AF368583}.Debug|Any CPU.Build.0 = Debug|Any CPU
		{47C17F40-97FB-4FD3-AF93-C612AF368583}.Release|Any CPU.ActiveCfg = Release|Any CPU
		{47C17F40-97FB-4FD3-AF93-C612AF368583}.Release|Any CPU.Build.0 = Release|Any CPU
		{1EE5BF0E-18A6-48AA-9451-4F5C0F6BC156}.Debug|Any CPU.ActiveCfg = Debug|Any CPU
		{1EE5BF0E-18A6-48AA-9451-4F5C0F6BC156}.Debug|Any CPU.Build.0 = Debug|Any CPU
		{1EE5BF0E-18A6-48AA-9451-4F5C0F6BC156}.Release|Any CPU.ActiveCfg = Release|Any CPU
		{1EE5BF0E-18A6-48AA-9451-4F5C0F6BC156}.Release|Any CPU.Build.0 = Release|Any CPU
		{75470E43-BAED-40FB-BB1E-A5DBA3B968E0}.Debug|Any CPU.ActiveCfg = Debug|Any CPU
		{75470E43-BAED-40FB-BB1E-A5DBA3B968E0}.Debug|Any CPU.Build.0 = Debug|Any CPU
		{75470E43-BAED-40FB-BB1E-A5DBA3B968E0}.Release|Any CPU.ActiveCfg = Release|Any CPU
		{75470E43-BAED-40FB-BB1E-A5DBA3B968E0}.Release|Any CPU.Build.0 = Release|Any CPU
		{B8080657-F649-4ECD-9745-62B9FB9BB63D}.Debug|Any CPU.ActiveCfg = Debug|Any CPU
		{B8080657-F649-4ECD-9745-62B9FB9BB63D}.Debug|Any CPU.Build.0 = Debug|Any CPU
		{B8080657-F649-4ECD-9745-62B9FB9BB63D}.Release|Any CPU.ActiveCfg = Release|Any CPU
		{B8080657-F649-4ECD-9745-62B9FB9BB63D}.Release|Any CPU.Build.0 = Release|Any CPU
		{2D3FB73A-0791-47CB-9F87-971F948D20B9}.Debug|Any CPU.ActiveCfg = Debug|Any CPU
		{2D3FB73A-0791-47CB-9F87-971F948D20B9}.Debug|Any CPU.Build.0 = Debug|Any CPU
		{2D3FB73A-0791-47CB-9F87-971F948D20B9}.Release|Any CPU.ActiveCfg = Release|Any CPU
		{2D3FB73A-0791-47CB-9F87-971F948D20B9}.Release|Any CPU.Build.0 = Release|Any CPU
		{B40C6D1A-A40C-4484-8699-B7390AE8F824}.Debug|Any CPU.ActiveCfg = Debug|Any CPU
		{B40C6D1A-A40C-4484-8699-B7390AE8F824}.Debug|Any CPU.Build.0 = Debug|Any CPU
		{B40C6D1A-A40C-4484-8699-B7390AE8F824}.Release|Any CPU.ActiveCfg = Release|Any CPU
		{B40C6D1A-A40C-4484-8699-B7390AE8F824}.Release|Any CPU.Build.0 = Release|Any CPU
		{3CD9BEF9-6885-4E42-BC3B-6FE4120ABC73}.Debug|Any CPU.ActiveCfg = Debug|Any CPU
		{3CD9BEF9-6885-4E42-BC3B-6FE4120ABC73}.Debug|Any CPU.Build.0 = Debug|Any CPU
		{3CD9BEF9-6885-4E42-BC3B-6FE4120ABC73}.Release|Any CPU.ActiveCfg = Release|Any CPU
		{3CD9BEF9-6885-4E42-BC3B-6FE4120ABC73}.Release|Any CPU.Build.0 = Release|Any CPU
		{DB460057-BE10-43C0-805B-4AC0CDAE737D}.Debug|Any CPU.ActiveCfg = Debug|Any CPU
		{DB460057-BE10-43C0-805B-4AC0CDAE737D}.Debug|Any CPU.Build.0 = Debug|Any CPU
		{DB460057-BE10-43C0-805B-4AC0CDAE737D}.Release|Any CPU.ActiveCfg = Release|Any CPU
		{DB460057-BE10-43C0-805B-4AC0CDAE737D}.Release|Any CPU.Build.0 = Release|Any CPU
		{D58A610E-6031-47C2-9922-6C8774ED5113}.Debug|Any CPU.ActiveCfg = Debug|Any CPU
		{D58A610E-6031-47C2-9922-6C8774ED5113}.Debug|Any CPU.Build.0 = Debug|Any CPU
		{D58A610E-6031-47C2-9922-6C8774ED5113}.Release|Any CPU.ActiveCfg = Release|Any CPU
		{D58A610E-6031-47C2-9922-6C8774ED5113}.Release|Any CPU.Build.0 = Release|Any CPU
		{1CEB9A5E-5E65-4DC0-BB85-C0F19F6B2814}.Debug|Any CPU.ActiveCfg = Debug|Any CPU
		{1CEB9A5E-5E65-4DC0-BB85-C0F19F6B2814}.Debug|Any CPU.Build.0 = Debug|Any CPU
		{1CEB9A5E-5E65-4DC0-BB85-C0F19F6B2814}.Release|Any CPU.ActiveCfg = Release|Any CPU
		{1CEB9A5E-5E65-4DC0-BB85-C0F19F6B2814}.Release|Any CPU.Build.0 = Release|Any CPU
		{80B0F446-B217-4299-B49B-E62B0B847EAD}.Debug|Any CPU.ActiveCfg = Debug|Any CPU
		{80B0F446-B217-4299-B49B-E62B0B847EAD}.Debug|Any CPU.Build.0 = Debug|Any CPU
		{80B0F446-B217-4299-B49B-E62B0B847EAD}.Release|Any CPU.ActiveCfg = Release|Any CPU
		{80B0F446-B217-4299-B49B-E62B0B847EAD}.Release|Any CPU.Build.0 = Release|Any CPU
	EndGlobalSection
	GlobalSection(NestedProjects) = preSolution
		{3E957696-AD86-4721-B531-127A4DC72625} = {C1A935B5-15BB-4EB7-AF59-AF13113270D7}
		{63A7B015-4B43-4784-8EE1-63A1DA1A2C08} = {3E957696-AD86-4721-B531-127A4DC72625}
		{99F786B8-471A-4CF0-BCC0-49490DD08BEB} = {3E957696-AD86-4721-B531-127A4DC72625}
		{20612E99-2CAB-43B8-BF16-49FCFBBE8BB5} = {3E957696-AD86-4721-B531-127A4DC72625}
		{B54AFD17-DDED-4CCD-93A2-EB815A841930} = {20612E99-2CAB-43B8-BF16-49FCFBBE8BB5}
		{3525BFAF-C605-42F9-BD68-DEF37DEBFCC4} = {20612E99-2CAB-43B8-BF16-49FCFBBE8BB5}
		{9725A29D-E780-4E20-A876-E30F822333B7} = {20612E99-2CAB-43B8-BF16-49FCFBBE8BB5}
		{31D48B48-FCA4-47C9-9D50-524E3A783FDC} = {63A7B015-4B43-4784-8EE1-63A1DA1A2C08}
		{33400FBE-159B-4CD0-8DFE-CD1EB4829C33} = {20612E99-2CAB-43B8-BF16-49FCFBBE8BB5}
		{608C5929-2C18-4FEF-93D3-4C8389DFE912} = {33400FBE-159B-4CD0-8DFE-CD1EB4829C33}
		{5BBE3428-77F2-4B9A-8C0C-13475943D609} = {33400FBE-159B-4CD0-8DFE-CD1EB4829C33}
		{E1434266-D6B8-4EE5-9908-84C99E57DA28} = {33400FBE-159B-4CD0-8DFE-CD1EB4829C33}
		{DC905124-4EC1-4B4E-B0D1-701D8BB2CBE7} = {33400FBE-159B-4CD0-8DFE-CD1EB4829C33}
		{1A5E1D0C-1C79-4E84-B6BA-04EB947CE5EF} = {20612E99-2CAB-43B8-BF16-49FCFBBE8BB5}
		{FAB73969-95C0-426E-BAFE-0D1FD9087154} = {1A5E1D0C-1C79-4E84-B6BA-04EB947CE5EF}
		{47C17F40-97FB-4FD3-AF93-C612AF368583} = {9725A29D-E780-4E20-A876-E30F822333B7}
		{1EE5BF0E-18A6-48AA-9451-4F5C0F6BC156} = {9725A29D-E780-4E20-A876-E30F822333B7}
		{75470E43-BAED-40FB-BB1E-A5DBA3B968E0} = {9725A29D-E780-4E20-A876-E30F822333B7}
		{B8080657-F649-4ECD-9745-62B9FB9BB63D} = {9725A29D-E780-4E20-A876-E30F822333B7}
		{2D3FB73A-0791-47CB-9F87-971F948D20B9} = {B54AFD17-DDED-4CCD-93A2-EB815A841930}
		{B40C6D1A-A40C-4484-8699-B7390AE8F824} = {B54AFD17-DDED-4CCD-93A2-EB815A841930}
		{3CD9BEF9-6885-4E42-BC3B-6FE4120ABC73} = {B54AFD17-DDED-4CCD-93A2-EB815A841930}
		{DB460057-BE10-43C0-805B-4AC0CDAE737D} = {B54AFD17-DDED-4CCD-93A2-EB815A841930}
		{D58A610E-6031-47C2-9922-6C8774ED5113} = {B54AFD17-DDED-4CCD-93A2-EB815A841930}
		{1CEB9A5E-5E65-4DC0-BB85-C0F19F6B2814} = {9725A29D-E780-4E20-A876-E30F822333B7}
		{80B0F446-B217-4299-B49B-E62B0B847EAD} = {33400FBE-159B-4CD0-8DFE-CD1EB4829C33}
	EndGlobalSection
EndGlobal
