
Microsoft Visual Studio Solution File, Format Version 12.00
Project("{2150E333-8FDC-42A3-9474-1A3956D46DE8}") = "src", "src", "{C1A935B5-15BB-4EB7-AF59-AF13113270D7}"
EndProject
Project("{2150E333-8FDC-42A3-9474-1A3956D46DE8}") = "test", "test", "{D3C84EFB-8B8F-4507-AD05-8209AD115564}"
EndProject
Project("{2150E333-8FDC-42A3-9474-1A3956D46DE8}") = "Modules", "Modules", "{3E957696-AD86-4721-B531-127A4DC72625}"
EndProject
Project("{2150E333-8FDC-42A3-9474-1A3956D46DE8}") = "ApiGateways", "ApiGateways", "{99F786B8-471A-4CF0-BCC0-49490DD08BEB}"
EndProject
Project("{2150E333-8FDC-42A3-9474-1A3956D46DE8}") = "BuildingBlocks", "BuildingBlocks", "{63A7B015-4B43-4784-8EE1-63A1DA1A2C08}"
EndProject
Project("{2150E333-8FDC-42A3-9474-1A3956D46DE8}") = "Services", "Services", "{20612E99-2CAB-43B8-BF16-49FCFBBE8BB5}"
EndProject
Project("{2150E333-8FDC-42A3-9474-1A3956D46DE8}") = "CatalogService", "CatalogService", "{3B7DD36F-ECA9-4EB7-AB0D-30B13AE73ADD}"
EndProject
Project("{2150E333-8FDC-42A3-9474-1A3956D46DE8}") = "UserService", "UserService", "{B54AFD17-DDED-4CCD-93A2-EB815A841930}"
EndProject
Project("{2150E333-8FDC-42A3-9474-1A3956D46DE8}") = "OrderService", "OrderService", "{3525BFAF-C605-42F9-BD68-DEF37DEBFCC4}"
EndProject
Project("{2150E333-8FDC-42A3-9474-1A3956D46DE8}") = "InventoryService", "InventoryService", "{59403772-C061-4DA3-BF26-479DBF671375}"
EndProject
Project("{2150E333-8FDC-42A3-9474-1A3956D46DE8}") = "CartService", "CartService", "{9725A29D-E780-4E20-A876-E30F822333B7}"
EndProject
Project("{FAE04EC0-301F-11D3-BF4B-00C04F79EFBC}") = "CatalogService.Domain", "src\Modules\Services\CatalogService\CatalogService.Domain\CatalogService.Domain.csproj", "{B766EFF9-51D6-412B-973D-BB178933CFA6}"
EndProject
Project("{FAE04EC0-301F-11D3-BF4B-00C04F79EFBC}") = "BuildingBlocks", "src\Modules\BuildingBlocks\BuildingBlocks\BuildingBlocks.csproj", "{31D48B48-FCA4-47C9-9D50-524E3A783FDC}"
EndProject
Global
	GlobalSection(SolutionConfigurationPlatforms) = preSolution
		Debug|Any CPU = Debug|Any CPU
		Release|Any CPU = Release|Any CPU
	EndGlobalSection
	GlobalSection(ProjectConfigurationPlatforms) = postSolution
		{B766EFF9-51D6-412B-973D-BB178933CFA6}.Debug|Any CPU.ActiveCfg = Debug|Any CPU
		{B766EFF9-51D6-412B-973D-BB178933CFA6}.Debug|Any CPU.Build.0 = Debug|Any CPU
		{B766EFF9-51D6-412B-973D-BB178933CFA6}.Release|Any CPU.ActiveCfg = Release|Any CPU
		{B766EFF9-51D6-412B-973D-BB178933CFA6}.Release|Any CPU.Build.0 = Release|Any CPU
		{31D48B48-FCA4-47C9-9D50-524E3A783FDC}.Debug|Any CPU.ActiveCfg = Debug|Any CPU
		{31D48B48-FCA4-47C9-9D50-524E3A783FDC}.Debug|Any CPU.Build.0 = Debug|Any CPU
		{31D48B48-FCA4-47C9-9D50-524E3A783FDC}.Release|Any CPU.ActiveCfg = Release|Any CPU
		{31D48B48-FCA4-47C9-9D50-524E3A783FDC}.Release|Any CPU.Build.0 = Release|Any CPU
	EndGlobalSection
	GlobalSection(NestedProjects) = preSolution
		{3E957696-AD86-4721-B531-127A4DC72625} = {C1A935B5-15BB-4EB7-AF59-AF13113270D7}
		{63A7B015-4B43-4784-8EE1-63A1DA1A2C08} = {3E957696-AD86-4721-B531-127A4DC72625}
		{99F786B8-471A-4CF0-BCC0-49490DD08BEB} = {3E957696-AD86-4721-B531-127A4DC72625}
		{20612E99-2CAB-43B8-BF16-49FCFBBE8BB5} = {3E957696-AD86-4721-B531-127A4DC72625}
		{3B7DD36F-ECA9-4EB7-AB0D-30B13AE73ADD} = {20612E99-2CAB-43B8-BF16-49FCFBBE8BB5}
		{B54AFD17-DDED-4CCD-93A2-EB815A841930} = {20612E99-2CAB-43B8-BF16-49FCFBBE8BB5}
		{3525BFAF-C605-42F9-BD68-DEF37DEBFCC4} = {20612E99-2CAB-43B8-BF16-49FCFBBE8BB5}
		{59403772-C061-4DA3-BF26-479DBF671375} = {20612E99-2CAB-43B8-BF16-49FCFBBE8BB5}
		{9725A29D-E780-4E20-A876-E30F822333B7} = {20612E99-2CAB-43B8-BF16-49FCFBBE8BB5}
		{B766EFF9-51D6-412B-973D-BB178933CFA6} = {3B7DD36F-ECA9-4EB7-AB0D-30B13AE73ADD}
		{31D48B48-FCA4-47C9-9D50-524E3A783FDC} = {63A7B015-4B43-4784-8EE1-63A1DA1A2C08}
	EndGlobalSection
EndGlobal
